// !$*UTF8*$!
{
	archiveVersion = 1;
	classes = {
	};
	objectVersion = 55;
	objects = {

/* Begin PBXBuildFile section */
		DDF351EC27FD013B005503D1 /* AppDelegate.swift in Sources */ = {isa = PBXBuildFile; fileRef = DDF351EB27FD013B005503D1 /* AppDelegate.swift */; };
		DDF351EE27FD013B005503D1 /* SceneDelegate.swift in Sources */ = {isa = PBXBuildFile; fileRef = DDF351ED27FD013B005503D1 /* SceneDelegate.swift */; };
		DDF351F027FD013B005503D1 /* ViewController.swift in Sources */ = {isa = PBXBuildFile; fileRef = DDF351EF27FD013B005503D1 /* ViewController.swift */; };
		DDF351F327FD013B005503D1 /* Main.storyboard in Resources */ = {isa = PBXBuildFile; fileRef = DDF351F127FD013B005503D1 /* Main.storyboard */; };
		DDF351F527FD013C005503D1 /* Assets.xcassets in Resources */ = {isa = PBXBuildFile; fileRef = DDF351F427FD013C005503D1 /* Assets.xcassets */; };
		DDF351F827FD013C005503D1 /* LaunchScreen.storyboard in Resources */ = {isa = PBXBuildFile; fileRef = DDF351F627FD013C005503D1 /* LaunchScreen.storyboard */; };
		DDF3520327FD013C005503D1 /* Top_HeadlinesTests.swift in Sources */ = {isa = PBXBuildFile; fileRef = DDF3520227FD013C005503D1 /* Top_HeadlinesTests.swift */; };
		DDF3520D27FD013C005503D1 /* Top_HeadlinesUITests.swift in Sources */ = {isa = PBXBuildFile; fileRef = DDF3520C27FD013C005503D1 /* Top_HeadlinesUITests.swift */; };
		DDF3520F27FD013C005503D1 /* Top_HeadlinesUITestsLaunchTests.swift in Sources */ = {isa = PBXBuildFile; fileRef = DDF3520E27FD013C005503D1 /* Top_HeadlinesUITestsLaunchTests.swift */; };
/* End PBXBuildFile section */

/* Begin PBXContainerItemProxy section */
		DDF351FF27FD013C005503D1 /* PBXContainerItemProxy */ = {
			isa = PBXContainerItemProxy;
			containerPortal = DDF351E027FD013B005503D1 /* Project object */;
			proxyType = 1;
			remoteGlobalIDString = DDF351E727FD013B005503D1;
			remoteInfo = "Top Headlines";
		};
		DDF3520927FD013C005503D1 /* PBXContainerItemProxy */ = {
			isa = PBXContainerItemProxy;
			containerPortal = DDF351E027FD013B005503D1 /* Project object */;
			proxyType = 1;
			remoteGlobalIDString = DDF351E727FD013B005503D1;
			remoteInfo = "Top Headlines";
		};
/* End PBXContainerItemProxy section */

/* Begin PBXFileReference section */
		DDF351E827FD013B005503D1 /* Top Headlines.app */ = {isa = PBXFileReference; explicitFileType = wrapper.application; includeInIndex = 0; path = "Top Headlines.app"; sourceTree = BUILT_PRODUCTS_DIR; };
		DDF351EB27FD013B005503D1 /* AppDelegate.swift */ = {isa = PBXFileReference; lastKnownFileType = sourcecode.swift; path = AppDelegate.swift; sourceTree = "<group>"; };
		DDF351ED27FD013B005503D1 /* SceneDelegate.swift */ = {isa = PBXFileReference; lastKnownFileType = sourcecode.swift; path = SceneDelegate.swift; sourceTree = "<group>"; };
		DDF351EF27FD013B005503D1 /* ViewController.swift */ = {isa = PBXFileReference; lastKnownFileType = sourcecode.swift; path = ViewController.swift; sourceTree = "<group>"; };
		DDF351F227FD013B005503D1 /* Base */ = {isa = PBXFileReference; lastKnownFileType = file.storyboard; name = Base; path = Base.lproj/Main.storyboard; sourceTree = "<group>"; };
		DDF351F427FD013C005503D1 /* Assets.xcassets */ = {isa = PBXFileReference; lastKnownFileType = folder.assetcatalog; path = Assets.xcassets; sourceTree = "<group>"; };
		DDF351F727FD013C005503D1 /* Base */ = {isa = PBXFileReference; lastKnownFileType = file.storyboard; name = Base; path = Base.lproj/LaunchScreen.storyboard; sourceTree = "<group>"; };
		DDF351F927FD013C005503D1 /* Info.plist */ = {isa = PBXFileReference; lastKnownFileType = text.plist.xml; path = Info.plist; sourceTree = "<group>"; };
		DDF351FE27FD013C005503D1 /* Top HeadlinesTests.xctest */ = {isa = PBXFileReference; explicitFileType = wrapper.cfbundle; includeInIndex = 0; path = "Top HeadlinesTests.xctest"; sourceTree = BUILT_PRODUCTS_DIR; };
		DDF3520227FD013C005503D1 /* Top_HeadlinesTests.swift */ = {isa = PBXFileReference; lastKnownFileType = sourcecode.swift; path = Top_HeadlinesTests.swift; sourceTree = "<group>"; };
		DDF3520827FD013C005503D1 /* Top HeadlinesUITests.xctest */ = {isa = PBXFileReference; explicitFileType = wrapper.cfbundle; includeInIndex = 0; path = "Top HeadlinesUITests.xctest"; sourceTree = BUILT_PRODUCTS_DIR; };
		DDF3520C27FD013C005503D1 /* Top_HeadlinesUITests.swift */ = {isa = PBXFileReference; lastKnownFileType = sourcecode.swift; path = Top_HeadlinesUITests.swift; sourceTree = "<group>"; };
		DDF3520E27FD013C005503D1 /* Top_HeadlinesUITestsLaunchTests.swift */ = {isa = PBXFileReference; lastKnownFileType = sourcecode.swift; path = Top_HeadlinesUITestsLaunchTests.swift; sourceTree = "<group>"; };
/* End PBXFileReference section */

/* Begin PBXFrameworksBuildPhase section */
		DDF351E527FD013B005503D1 /* Frameworks */ = {
			isa = PBXFrameworksBuildPhase;
			buildActionMask = 2147483647;
			files = (
			);
			runOnlyForDeploymentPostprocessing = 0;
		};
		DDF351FB27FD013C005503D1 /* Frameworks */ = {
			isa = PBXFrameworksBuildPhase;
			buildActionMask = 2147483647;
			files = (
			);
			runOnlyForDeploymentPostprocessing = 0;
		};
		DDF3520527FD013C005503D1 /* Frameworks */ = {
			isa = PBXFrameworksBuildPhase;
			buildActionMask = 2147483647;
			files = (
			);
			runOnlyForDeploymentPostprocessing = 0;
		};
/* End PBXFrameworksBuildPhase section */

/* Begin PBXGroup section */
		DDF351DF27FD013B005503D1 = {
			isa = PBXGroup;
			children = (
				DDF351EA27FD013B005503D1 /* Top Headlines */,
				DDF3520127FD013C005503D1 /* Top HeadlinesTests */,
				DDF3520B27FD013C005503D1 /* Top HeadlinesUITests */,
				DDF351E927FD013B005503D1 /* Products */,
			);
			sourceTree = "<group>";
		};
		DDF351E927FD013B005503D1 /* Products */ = {
			isa = PBXGroup;
			children = (
				DDF351E827FD013B005503D1 /* Top Headlines.app */,
				DDF351FE27FD013C005503D1 /* Top HeadlinesTests.xctest */,
				DDF3520827FD013C005503D1 /* Top HeadlinesUITests.xctest */,
			);
			name = Products;
			sourceTree = "<group>";
		};
		DDF351EA27FD013B005503D1 /* Top Headlines */ = {
			isa = PBXGroup;
			children = (
				DDF351EB27FD013B005503D1 /* AppDelegate.swift */,
				DDF351ED27FD013B005503D1 /* SceneDelegate.swift */,
				DDF351EF27FD013B005503D1 /* ViewController.swift */,
				DDF351F127FD013B005503D1 /* Main.storyboard */,
				DDF351F427FD013C005503D1 /* Assets.xcassets */,
				DDF351F627FD013C005503D1 /* LaunchScreen.storyboard */,
				DDF351F927FD013C005503D1 /* Info.plist */,
			);
			path = "Top Headlines";
			sourceTree = "<group>";
		};
		DDF3520127FD013C005503D1 /* Top HeadlinesTests */ = {
			isa = PBXGroup;
			children = (
				DDF3520227FD013C005503D1 /* Top_HeadlinesTests.swift */,
			);
			path = "Top HeadlinesTests";
			sourceTree = "<group>";
		};
		DDF3520B27FD013C005503D1 /* Top HeadlinesUITests */ = {
			isa = PBXGroup;
			children = (
				DDF3520C27FD013C005503D1 /* Top_HeadlinesUITests.swift */,
				DDF3520E27FD013C005503D1 /* Top_HeadlinesUITestsLaunchTests.swift */,
			);
			path = "Top HeadlinesUITests";
			sourceTree = "<group>";
		};
/* End PBXGroup section */

/* Begin PBXNativeTarget section */
		DDF351E727FD013B005503D1 /* Top Headlines */ = {
			isa = PBXNativeTarget;
			buildConfigurationList = DDF3521227FD013C005503D1 /* Build configuration list for PBXNativeTarget "Top Headlines" */;
			buildPhases = (
				DDF351E427FD013B005503D1 /* Sources */,
				DDF351E527FD013B005503D1 /* Frameworks */,
				DDF351E627FD013B005503D1 /* Resources */,
			);
			buildRules = (
			);
			dependencies = (
			);
			name = "Top Headlines";
			productName = "Top Headlines";
			productReference = DDF351E827FD013B005503D1 /* Top Headlines.app */;
			productType = "com.apple.product-type.application";
		};
		DDF351FD27FD013C005503D1 /* Top HeadlinesTests */ = {
			isa = PBXNativeTarget;
			buildConfigurationList = DDF3521527FD013C005503D1 /* Build configuration list for PBXNativeTarget "Top HeadlinesTests" */;
			buildPhases = (
				DDF351FA27FD013C005503D1 /* Sources */,
				DDF351FB27FD013C005503D1 /* Frameworks */,
				DDF351FC27FD013C005503D1 /* Resources */,
			);
			buildRules = (
			);
			dependencies = (
				DDF3520027FD013C005503D1 /* PBXTargetDependency */,
			);
			name = "Top HeadlinesTests";
			productName = "Top HeadlinesTests";
			productReference = DDF351FE27FD013C005503D1 /* Top HeadlinesTests.xctest */;
			productType = "com.apple.product-type.bundle.unit-test";
		};
		DDF3520727FD013C005503D1 /* Top HeadlinesUITests */ = {
			isa = PBXNativeTarget;
			buildConfigurationList = DDF3521827FD013C005503D1 /* Build configuration list for PBXNativeTarget "Top HeadlinesUITests" */;
			buildPhases = (
				DDF3520427FD013C005503D1 /* Sources */,
				DDF3520527FD013C005503D1 /* Frameworks */,
				DDF3520627FD013C005503D1 /* Resources */,
			);
			buildRules = (
			);
			dependencies = (
				DDF3520A27FD013C005503D1 /* PBXTargetDependency */,
			);
			name = "Top HeadlinesUITests";
			productName = "Top HeadlinesUITests";
			productReference = DDF3520827FD013C005503D1 /* Top HeadlinesUITests.xctest */;
			productType = "com.apple.product-type.bundle.ui-testing";
		};
/* End PBXNativeTarget section */

/* Begin PBXProject section */
		DDF351E027FD013B005503D1 /* Project object */ = {
			isa = PBXProject;
			attributes = {
				BuildIndependentTargetsInParallel = 1;
				LastSwiftUpdateCheck = 1330;
				LastUpgradeCheck = 1330;
				TargetAttributes = {
					DDF351E727FD013B005503D1 = {
						CreatedOnToolsVersion = 13.3;
					};
					DDF351FD27FD013C005503D1 = {
						CreatedOnToolsVersion = 13.3;
						TestTargetID = DDF351E727FD013B005503D1;
					};
					DDF3520727FD013C005503D1 = {
						CreatedOnToolsVersion = 13.3;
						TestTargetID = DDF351E727FD013B005503D1;
					};
				};
			};
			buildConfigurationList = DDF351E327FD013B005503D1 /* Build configuration list for PBXProject "Top Headlines" */;
			compatibilityVersion = "Xcode 13.0";
			developmentRegion = en;
			hasScannedForEncodings = 0;
			knownRegions = (
				en,
				Base,
			);
			mainGroup = DDF351DF27FD013B005503D1;
			productRefGroup = DDF351E927FD013B005503D1 /* Products */;
			projectDirPath = "";
			projectRoot = "";
			targets = (
				DDF351E727FD013B005503D1 /* Top Headlines */,
				DDF351FD27FD013C005503D1 /* Top HeadlinesTests */,
				DDF3520727FD013C005503D1 /* Top HeadlinesUITests */,
			);
		};
/* End PBXProject section */

/* Begin PBXResourcesBuildPhase section */
		DDF351E627FD013B005503D1 /* Resources */ = {
			isa = PBXResourcesBuildPhase;
			buildActionMask = 2147483647;
			files = (
				DDF351F827FD013C005503D1 /* LaunchScreen.storyboard in Resources */,
				DDF351F527FD013C005503D1 /* Assets.xcassets in Resources */,
				DDF351F327FD013B005503D1 /* Main.storyboard in Resources */,
			);
			runOnlyForDeploymentPostprocessing = 0;
		};
		DDF351FC27FD013C005503D1 /* Resources */ = {
			isa = PBXResourcesBuildPhase;
			buildActionMask = 2147483647;
			files = (
			);
			runOnlyForDeploymentPostprocessing = 0;
		};
		DDF3520627FD013C005503D1 /* Resources */ = {
			isa = PBXResourcesBuildPhase;
			buildActionMask = 2147483647;
			files = (
			);
			runOnlyForDeploymentPostprocessing = 0;
		};
/* End PBXResourcesBuildPhase section */

/* Begin PBXSourcesBuildPhase section */
		DDF351E427FD013B005503D1 /* Sources */ = {
			isa = PBXSourcesBuildPhase;
			buildActionMask = 2147483647;
			files = (
				DDF351F027FD013B005503D1 /* ViewController.swift in Sources */,
				DDF351EC27FD013B005503D1 /* AppDelegate.swift in Sources */,
				DDF351EE27FD013B005503D1 /* SceneDelegate.swift in Sources */,
			);
			runOnlyForDeploymentPostprocessing = 0;
		};
		DDF351FA27FD013C005503D1 /* Sources */ = {
			isa = PBXSourcesBuildPhase;
			buildActionMask = 2147483647;
			files = (
				DDF3520327FD013C005503D1 /* Top_HeadlinesTests.swift in Sources */,
			);
			runOnlyForDeploymentPostprocessing = 0;
		};
		DDF3520427FD013C005503D1 /* Sources */ = {
			isa = PBXSourcesBuildPhase;
			buildActionMask = 2147483647;
			files = (
				DDF3520F27FD013C005503D1 /* Top_HeadlinesUITestsLaunchTests.swift in Sources */,
				DDF3520D27FD013C005503D1 /* Top_HeadlinesUITests.swift in Sources */,
			);
			runOnlyForDeploymentPostprocessing = 0;
		};
/* End PBXSourcesBuildPhase section */

/* Begin PBXTargetDependency section */
		DDF3520027FD013C005503D1 /* PBXTargetDependency */ = {
			isa = PBXTargetDependency;
			target = DDF351E727FD013B005503D1 /* Top Headlines */;
			targetProxy = DDF351FF27FD013C005503D1 /* PBXContainerItemProxy */;
		};
		DDF3520A27FD013C005503D1 /* PBXTargetDependency */ = {
			isa = PBXTargetDependency;
			target = DDF351E727FD013B005503D1 /* Top Headlines */;
			targetProxy = DDF3520927FD013C005503D1 /* PBXContainerItemProxy */;
		};
/* End PBXTargetDependency section */

/* Begin PBXVariantGroup section */
		DDF351F127FD013B005503D1 /* Main.storyboard */ = {
			isa = PBXVariantGroup;
			children = (
				DDF351F227FD013B005503D1 /* Base */,
			);
			name = Main.storyboard;
			sourceTree = "<group>";
		};
		DDF351F627FD013C005503D1 /* LaunchScreen.storyboard */ = {
			isa = PBXVariantGroup;
			children = (
				DDF351F727FD013C005503D1 /* Base */,
			);
			name = LaunchScreen.storyboard;
			sourceTree = "<group>";
		};
/* End PBXVariantGroup section */

/* Begin XCBuildConfiguration section */
		DDF3521027FD013C005503D1 /* Debug */ = {
			isa = XCBuildConfiguration;
			buildSettings = {
				ALWAYS_SEARCH_USER_PATHS = NO;
				CLANG_ANALYZER_NONNULL = YES;
				CLANG_ANALYZER_NUMBER_OBJECT_CONVERSION = YES_AGGRESSIVE;
				CLANG_CXX_LANGUAGE_STANDARD = "gnu++17";
				CLANG_ENABLE_MODULES = YES;
				CLANG_ENABLE_OBJC_ARC = YES;
				CLANG_ENABLE_OBJC_WEAK = YES;
				CLANG_WARN_BLOCK_CAPTURE_AUTORELEASING = YES;
				CLANG_WARN_BOOL_CONVERSION = YES;
				CLANG_WARN_COMMA = YES;
				CLANG_WARN_CONSTANT_CONVERSION = YES;
				CLANG_WARN_DEPRECATED_OBJC_IMPLEMENTATIONS = YES;
				CLANG_WARN_DIRECT_OBJC_ISA_USAGE = YES_ERROR;
				CLANG_WARN_DOCUMENTATION_COMMENTS = YES;
				CLANG_WARN_EMPTY_BODY = YES;
				CLANG_WARN_ENUM_CONVERSION = YES;
				CLANG_WARN_INFINITE_RECURSION = YES;
				CLANG_WARN_INT_CONVERSION = YES;
				CLANG_WARN_NON_LITERAL_NULL_CONVERSION = YES;
				CLANG_WARN_OBJC_IMPLICIT_RETAIN_SELF = YES;
				CLANG_WARN_OBJC_LITERAL_CONVERSION = YES;
				CLANG_WARN_OBJC_ROOT_CLASS = YES_ERROR;
				CLANG_WARN_QUOTED_INCLUDE_IN_FRAMEWORK_HEADER = YES;
				CLANG_WARN_RANGE_LOOP_ANALYSIS = YES;
				CLANG_WARN_STRICT_PROTOTYPES = YES;
				CLANG_WARN_SUSPICIOUS_MOVE = YES;
				CLANG_WARN_UNGUARDED_AVAILABILITY = YES_AGGRESSIVE;
				CLANG_WARN_UNREACHABLE_CODE = YES;
				CLANG_WARN__DUPLICATE_METHOD_MATCH = YES;
				COPY_PHASE_STRIP = NO;
				DEBUG_INFORMATION_FORMAT = dwarf;
				ENABLE_STRICT_OBJC_MSGSEND = YES;
				ENABLE_TESTABILITY = YES;
				GCC_C_LANGUAGE_STANDARD = gnu11;
				GCC_DYNAMIC_NO_PIC = NO;
				GCC_NO_COMMON_BLOCKS = YES;
				GCC_OPTIMIZATION_LEVEL = 0;
				GCC_PREPROCESSOR_DEFINITIONS = (
					"DEBUG=1",
					"$(inherited)",
				);
				GCC_WARN_64_TO_32_BIT_CONVERSION = YES;
				GCC_WARN_ABOUT_RETURN_TYPE = YES_ERROR;
				GCC_WARN_UNDECLARED_SELECTOR = YES;
				GCC_WARN_UNINITIALIZED_AUTOS = YES_AGGRESSIVE;
				GCC_WARN_UNUSED_FUNCTION = YES;
				GCC_WARN_UNUSED_VARIABLE = YES;
				IPHONEOS_DEPLOYMENT_TARGET = 15.4;
				MTL_ENABLE_DEBUG_INFO = INCLUDE_SOURCE;
				MTL_FAST_MATH = YES;
				ONLY_ACTIVE_ARCH = YES;
				SDKROOT = iphoneos;
				SWIFT_ACTIVE_COMPILATION_CONDITIONS = DEBUG;
				SWIFT_OPTIMIZATION_LEVEL = "-Onone";
			};
			name = Debug;
		};
		DDF3521127FD013C005503D1 /* Release */ = {
			isa = XCBuildConfiguration;
			buildSettings = {
				ALWAYS_SEARCH_USER_PATHS = NO;
				CLANG_ANALYZER_NONNULL = YES;
				CLANG_ANALYZER_NUMBER_OBJECT_CONVERSION = YES_AGGRESSIVE;
				CLANG_CXX_LANGUAGE_STANDARD = "gnu++17";
				CLANG_ENABLE_MODULES = YES;
				CLANG_ENABLE_OBJC_ARC = YES;
				CLANG_ENABLE_OBJC_WEAK = YES;
				CLANG_WARN_BLOCK_CAPTURE_AUTORELEASING = YES;
				CLANG_WARN_BOOL_CONVERSION = YES;
				CLANG_WARN_COMMA = YES;
				CLANG_WARN_CONSTANT_CONVERSION = YES;
				CLANG_WARN_DEPRECATED_OBJC_IMPLEMENTATIONS = YES;
				CLANG_WARN_DIRECT_OBJC_ISA_USAGE = YES_ERROR;
				CLANG_WARN_DOCUMENTATION_COMMENTS = YES;
				CLANG_WARN_EMPTY_BODY = YES;
				CLANG_WARN_ENUM_CONVERSION = YES;
				CLANG_WARN_INFINITE_RECURSION = YES;
				CLANG_WARN_INT_CONVERSION = YES;
				CLANG_WARN_NON_LITERAL_NULL_CONVERSION = YES;
				CLANG_WARN_OBJC_IMPLICIT_RETAIN_SELF = YES;
				CLANG_WARN_OBJC_LITERAL_CONVERSION = YES;
				CLANG_WARN_OBJC_ROOT_CLASS = YES_ERROR;
				CLANG_WARN_QUOTED_INCLUDE_IN_FRAMEWORK_HEADER = YES;
				CLANG_WARN_RANGE_LOOP_ANALYSIS = YES;
				CLANG_WARN_STRICT_PROTOTYPES = YES;
				CLANG_WARN_SUSPICIOUS_MOVE = YES;
				CLANG_WARN_UNGUARDED_AVAILABILITY = YES_AGGRESSIVE;
				CLANG_WARN_UNREACHABLE_CODE = YES;
				CLANG_WARN__DUPLICATE_METHOD_MATCH = YES;
				COPY_PHASE_STRIP = NO;
				DEBUG_INFORMATION_FORMAT = "dwarf-with-dsym";
				ENABLE_NS_ASSERTIONS = NO;
				ENABLE_STRICT_OBJC_MSGSEND = YES;
				GCC_C_LANGUAGE_STANDARD = gnu11;
				GCC_NO_COMMON_BLOCKS = YES;
				GCC_WARN_64_TO_32_BIT_CONVERSION = YES;
				GCC_WARN_ABOUT_RETURN_TYPE = YES_ERROR;
				GCC_WARN_UNDECLARED_SELECTOR = YES;
				GCC_WARN_UNINITIALIZED_AUTOS = YES_AGGRESSIVE;
				GCC_WARN_UNUSED_FUNCTION = YES;
				GCC_WARN_UNUSED_VARIABLE = YES;
				IPHONEOS_DEPLOYMENT_TARGET = 15.4;
				MTL_ENABLE_DEBUG_INFO = NO;
				MTL_FAST_MATH = YES;
				SDKROOT = iphoneos;
				SWIFT_COMPILATION_MODE = wholemodule;
				SWIFT_OPTIMIZATION_LEVEL = "-O";
				VALIDATE_PRODUCT = YES;
			};
			name = Release;
		};
		DDF3521327FD013C005503D1 /* Debug */ = {
			isa = XCBuildConfiguration;
			buildSettings = {
				ASSETCATALOG_COMPILER_APPICON_NAME = AppIcon;
				ASSETCATALOG_COMPILER_GLOBAL_ACCENT_COLOR_NAME = AccentColor;
				CODE_SIGN_STYLE = Automatic;
				CURRENT_PROJECT_VERSION = 1;
				DEVELOPMENT_TEAM = QUAG7T3NQ7;
				GENERATE_INFOPLIST_FILE = YES;
				INFOPLIST_FILE = "Top Headlines/Info.plist";
				INFOPLIST_KEY_UIApplicationSupportsIndirectInputEvents = YES;
				INFOPLIST_KEY_UILaunchStoryboardName = LaunchScreen;
				INFOPLIST_KEY_UIMainStoryboardFile = Main;
				INFOPLIST_KEY_UISupportedInterfaceOrientations_iPad = "UIInterfaceOrientationPortrait UIInterfaceOrientationPortraitUpsideDown UIInterfaceOrientationLandscapeLeft UIInterfaceOrientationLandscapeRight";
				INFOPLIST_KEY_UISupportedInterfaceOrientations_iPhone = "UIInterfaceOrientationPortrait UIInterfaceOrientationLandscapeLeft UIInterfaceOrientationLandscapeRight";
				LD_RUNPATH_SEARCH_PATHS = (
					"$(inherited)",
					"@executable_path/Frameworks",
				);
				MARKETING_VERSION = 1.0;
				PRODUCT_BUNDLE_IDENTIFIER = "com.avito.Top-Headlines";
				PRODUCT_NAME = "$(TARGET_NAME)";
				SWIFT_EMIT_LOC_STRINGS = YES;
				SWIFT_VERSION = 5.0;
				TARGETED_DEVICE_FAMILY = "1,2";
			};
			name = Debug;
		};
		DDF3521427FD013C005503D1 /* Release */ = {
			isa = XCBuildConfiguration;
			buildSettings = {
				ASSETCATALOG_COMPILER_APPICON_NAME = AppIcon;
				ASSETCATALOG_COMPILER_GLOBAL_ACCENT_COLOR_NAME = AccentColor;
				CODE_SIGN_STYLE = Automatic;
				CURRENT_PROJECT_VERSION = 1;
				DEVELOPMENT_TEAM = QUAG7T3NQ7;
				GENERATE_INFOPLIST_FILE = YES;
				INFOPLIST_FILE = "Top Headlines/Info.plist";
				INFOPLIST_KEY_UIApplicationSupportsIndirectInputEvents = YES;
				INFOPLIST_KEY_UILaunchStoryboardName = LaunchScreen;
				INFOPLIST_KEY_UIMainStoryboardFile = Main;
				INFOPLIST_KEY_UISupportedInterfaceOrientations_iPad = "UIInterfaceOrientationPortrait UIInterfaceOrientationPortraitUpsideDown UIInterfaceOrientationLandscapeLeft UIInterfaceOrientationLandscapeRight";
				INFOPLIST_KEY_UISupportedInterfaceOrientations_iPhone = "UIInterfaceOrientationPortrait UIInterfaceOrientationLandscapeLeft UIInterfaceOrientationLandscapeRight";
				LD_RUNPATH_SEARCH_PATHS = (
					"$(inherited)",
					"@executable_path/Frameworks",
				);
				MARKETING_VERSION = 1.0;
				PRODUCT_BUNDLE_IDENTIFIER = "com.avito.Top-Headlines";
				PRODUCT_NAME = "$(TARGET_NAME)";
				SWIFT_EMIT_LOC_STRINGS = YES;
				SWIFT_VERSION = 5.0;
				TARGETED_DEVICE_FAMILY = "1,2";
			};
			name = Release;
		};
		DDF3521627FD013C005503D1 /* Debug */ = {
			isa = XCBuildConfiguration;
			buildSettings = {
				ALWAYS_EMBED_SWIFT_STANDARD_LIBRARIES = YES;
				BUNDLE_LOADER = "$(TEST_HOST)";
				CODE_SIGN_STYLE = Automatic;
				CURRENT_PROJECT_VERSION = 1;
				DEVELOPMENT_TEAM = QUAG7T3NQ7;
				GENERATE_INFOPLIST_FILE = YES;
				IPHONEOS_DEPLOYMENT_TARGET = 15.4;
				MARKETING_VERSION = 1.0;
				PRODUCT_BUNDLE_IDENTIFIER = "com.avito.Top-HeadlinesTests";
				PRODUCT_NAME = "$(TARGET_NAME)";
				SWIFT_EMIT_LOC_STRINGS = NO;
				SWIFT_VERSION = 5.0;
				TARGETED_DEVICE_FAMILY = "1,2";
				TEST_HOST = "$(BUILT_PRODUCTS_DIR)/Top Headlines.app/Top Headlines";
			};
			name = Debug;
		};
		DDF3521727FD013C005503D1 /* Release */ = {
			isa = XCBuildConfiguration;
			buildSettings = {
				ALWAYS_EMBED_SWIFT_STANDARD_LIBRARIES = YES;
				BUNDLE_LOADER = "$(TEST_HOST)";
				CODE_SIGN_STYLE = Automatic;
				CURRENT_PROJECT_VERSION = 1;
				DEVELOPMENT_TEAM = QUAG7T3NQ7;
				GENERATE_INFOPLIST_FILE = YES;
				IPHONEOS_DEPLOYMENT_TARGET = 15.4;
				MARKETING_VERSION = 1.0;
				PRODUCT_BUNDLE_IDENTIFIER = "com.avito.Top-HeadlinesTests";
				PRODUCT_NAME = "$(TARGET_NAME)";
				SWIFT_EMIT_LOC_STRINGS = NO;
				SWIFT_VERSION = 5.0;
				TARGETED_DEVICE_FAMILY = "1,2";
				TEST_HOST = "$(BUILT_PRODUCTS_DIR)/Top Headlines.app/Top Headlines";
			};
			name = Release;
		};
		DDF3521927FD013C005503D1 /* Debug */ = {
			isa = XCBuildConfiguration;
			buildSettings = {
				ALWAYS_EMBED_SWIFT_STANDARD_LIBRARIES = YES;
				CODE_SIGN_STYLE = Automatic;
				CURRENT_PROJECT_VERSION = 1;
				DEVELOPMENT_TEAM = QUAG7T3NQ7;
				GENERATE_INFOPLIST_FILE = YES;
				MARKETING_VERSION = 1.0;
				PRODUCT_BUNDLE_IDENTIFIER = "com.avito.Top-HeadlinesUITests";
				PRODUCT_NAME = "$(TARGET_NAME)";
				SWIFT_EMIT_LOC_STRINGS = NO;
				SWIFT_VERSION = 5.0;
				TARGETED_DEVICE_FAMILY = "1,2";
				TEST_TARGET_NAME = "Top Headlines";
			};
			name = Debug;
		};
		DDF3521A27FD013C005503D1 /* Release */ = {
			isa = XCBuildConfiguration;
			buildSettings = {
				ALWAYS_EMBED_SWIFT_STANDARD_LIBRARIES = YES;
				CODE_SIGN_STYLE = Automatic;
				CURRENT_PROJECT_VERSION = 1;
				DEVELOPMENT_TEAM = QUAG7T3NQ7;
				GENERATE_INFOPLIST_FILE = YES;
				MARKETING_VERSION = 1.0;
				PRODUCT_BUNDLE_IDENTIFIER = "com.avito.Top-HeadlinesUITests";
				PRODUCT_NAME = "$(TARGET_NAME)";
				SWIFT_EMIT_LOC_STRINGS = NO;
				SWIFT_VERSION = 5.0;
				TARGETED_DEVICE_FAMILY = "1,2";
				TEST_TARGET_NAME = "Top Headlines";
			};
			name = Release;
		};
/* End XCBuildConfiguration section */

/* Begin XCConfigurationList section */
		DDF351E327FD013B005503D1 /* Build configuration list for PBXProject "Top Headlines" */ = {
			isa = XCConfigurationList;
			buildConfigurations = (
				DDF3521027FD013C005503D1 /* Debug */,
				DDF3521127FD013C005503D1 /* Release */,
			);
			defaultConfigurationIsVisible = 0;
			defaultConfigurationName = Release;
		};
		DDF3521227FD013C005503D1 /* Build configuration list for PBXNativeTarget "Top Headlines" */ = {
			isa = XCConfigurationList;
			buildConfigurations = (
				DDF3521327FD013C005503D1 /* Debug */,
				DDF3521427FD013C005503D1 /* Release */,
			);
			defaultConfigurationIsVisible = 0;
			defaultConfigurationName = Release;
		};
		DDF3521527FD013C005503D1 /* Build configuration list for PBXNativeTarget "Top HeadlinesTests" */ = {
			isa = XCConfigurationList;
			buildConfigurations = (
				DDF3521627FD013C005503D1 /* Debug */,
				DDF3521727FD013C005503D1 /* Release */,
			);
			defaultConfigurationIsVisible = 0;
			defaultConfigurationName = Release;
		};
		DDF3521827FD013C005503D1 /* Build configuration list for PBXNativeTarget "Top HeadlinesUITests" */ = {
			isa = XCConfigurationList;
			buildConfigurations = (
				DDF3521927FD013C005503D1 /* Debug */,
				DDF3521A27FD013C005503D1 /* Release */,
			);
			defaultConfigurationIsVisible = 0;
			defaultConfigurationName = Release;
		};
/* End XCConfigurationList section */
	};
	rootObject = DDF351E027FD013B005503D1 /* Project object */;
}
